
Microsoft Visual Studio Solution File, Format Version 12.00
# Visual Studio 15
VisualStudioVersion = 15.0.26124.0
MinimumVisualStudioVersion = 15.0.26124.0
Project("{2150E333-8FDC-42A3-9474-1A3956D46DE8}") = "Puffin", "Puffin", "{D2E4338D-C4C9-47CB-8F22-06AED4907EAD}"
EndProject
Project("{FAE04EC0-301F-11D3-BF4B-00C04F79EFBC}") = "Puffin.Core", "Puffin\Puffin.Core\Puffin.Core.csproj", "{48EE24E5-27C0-41B2-B815-A4978902480F}"
EndProject
Project("{FAE04EC0-301F-11D3-BF4B-00C04F79EFBC}") = "Puffin.UI", "Puffin\Puffin.UI\Puffin.UI.csproj", "{51AA1885-CF2A-405C-97EE-ECB32F07AD43}"
EndProject
Project("{FAE04EC0-301F-11D3-BF4B-00C04F79EFBC}") = "Puffin.Infrastructure.MonoGame", "Puffin\Puffin.Infrastructure.MonoGame\Puffin.Infrastructure.MonoGame.csproj", "{12006A15-7CC0-4350-8A8E-9E3E73E6CBB5}"
EndProject
Global
	GlobalSection(SolutionConfigurationPlatforms) = preSolution
		Debug|Any CPU = Debug|Any CPU
		Debug|x64 = Debug|x64
		Debug|x86 = Debug|x86
		Release|Any CPU = Release|Any CPU
		Release|x64 = Release|x64
		Release|x86 = Release|x86
	EndGlobalSection
	GlobalSection(SolutionProperties) = preSolution
		HideSolutionNode = FALSE
	EndGlobalSection
	GlobalSection(ProjectConfigurationPlatforms) = postSolution
		{48EE24E5-27C0-41B2-B815-A4978902480F}.Debug|Any CPU.ActiveCfg = Debug|Any CPU
		{48EE24E5-27C0-41B2-B815-A4978902480F}.Debug|Any CPU.Build.0 = Debug|Any CPU
		{48EE24E5-27C0-41B2-B815-A4978902480F}.Debug|x64.ActiveCfg = Debug|Any CPU
		{48EE24E5-27C0-41B2-B815-A4978902480F}.Debug|x64.Build.0 = Debug|Any CPU
		{48EE24E5-27C0-41B2-B815-A4978902480F}.Debug|x86.ActiveCfg = Debug|Any CPU
		{48EE24E5-27C0-41B2-B815-A4978902480F}.Debug|x86.Build.0 = Debug|Any CPU
		{48EE24E5-27C0-41B2-B815-A4978902480F}.Release|Any CPU.ActiveCfg = Release|Any CPU
		{48EE24E5-27C0-41B2-B815-A4978902480F}.Release|Any CPU.Build.0 = Release|Any CPU
		{48EE24E5-27C0-41B2-B815-A4978902480F}.Release|x64.ActiveCfg = Release|Any CPU
		{48EE24E5-27C0-41B2-B815-A4978902480F}.Release|x64.Build.0 = Release|Any CPU
		{48EE24E5-27C0-41B2-B815-A4978902480F}.Release|x86.ActiveCfg = Release|Any CPU
		{48EE24E5-27C0-41B2-B815-A4978902480F}.Release|x86.Build.0 = Release|Any CPU
		{51AA1885-CF2A-405C-97EE-ECB32F07AD43}.Debug|Any CPU.ActiveCfg = Debug|Any CPU
		{51AA1885-CF2A-405C-97EE-ECB32F07AD43}.Debug|Any CPU.Build.0 = Debug|Any CPU
		{51AA1885-CF2A-405C-97EE-ECB32F07AD43}.Debug|x64.ActiveCfg = Debug|Any CPU
		{51AA1885-CF2A-405C-97EE-ECB32F07AD43}.Debug|x64.Build.0 = Debug|Any CPU
		{51AA1885-CF2A-405C-97EE-ECB32F07AD43}.Debug|x86.ActiveCfg = Debug|Any CPU
		{51AA1885-CF2A-405C-97EE-ECB32F07AD43}.Debug|x86.Build.0 = Debug|Any CPU
		{51AA1885-CF2A-405C-97EE-ECB32F07AD43}.Release|Any CPU.ActiveCfg = Release|Any CPU
		{51AA1885-CF2A-405C-97EE-ECB32F07AD43}.Release|Any CPU.Build.0 = Release|Any CPU
		{51AA1885-CF2A-405C-97EE-ECB32F07AD43}.Release|x64.ActiveCfg = Release|Any CPU
		{51AA1885-CF2A-405C-97EE-ECB32F07AD43}.Release|x64.Build.0 = Release|Any CPU
		{51AA1885-CF2A-405C-97EE-ECB32F07AD43}.Release|x86.ActiveCfg = Release|Any CPU
		{51AA1885-CF2A-405C-97EE-ECB32F07AD43}.Release|x86.Build.0 = Release|Any CPU
		{12006A15-7CC0-4350-8A8E-9E3E73E6CBB5}.Debug|Any CPU.ActiveCfg = Debug|Any CPU
		{12006A15-7CC0-4350-8A8E-9E3E73E6CBB5}.Debug|Any CPU.Build.0 = Debug|Any CPU
		{12006A15-7CC0-4350-8A8E-9E3E73E6CBB5}.Debug|x64.ActiveCfg = Debug|Any CPU
		{12006A15-7CC0-4350-8A8E-9E3E73E6CBB5}.Debug|x64.Build.0 = Debug|Any CPU
		{12006A15-7CC0-4350-8A8E-9E3E73E6CBB5}.Debug|x86.ActiveCfg = Debug|Any CPU
		{12006A15-7CC0-4350-8A8E-9E3E73E6CBB5}.Debug|x86.Build.0 = Debug|Any CPU
		{12006A15-7CC0-4350-8A8E-9E3E73E6CBB5}.Release|Any CPU.ActiveCfg = Release|Any CPU
		{12006A15-7CC0-4350-8A8E-9E3E73E6CBB5}.Release|Any CPU.Build.0 = Release|Any CPU
		{12006A15-7CC0-4350-8A8E-9E3E73E6CBB5}.Release|x64.ActiveCfg = Release|Any CPU
		{12006A15-7CC0-4350-8A8E-9E3E73E6CBB5}.Release|x64.Build.0 = Release|Any CPU
		{12006A15-7CC0-4350-8A8E-9E3E73E6CBB5}.Release|x86.ActiveCfg = Release|Any CPU
		{12006A15-7CC0-4350-8A8E-9E3E73E6CBB5}.Release|x86.Build.0 = Release|Any CPU
	EndGlobalSection
	GlobalSection(NestedProjects) = preSolution
		{48EE24E5-27C0-41B2-B815-A4978902480F} = {D2E4338D-C4C9-47CB-8F22-06AED4907EAD}
		{51AA1885-CF2A-405C-97EE-ECB32F07AD43} = {D2E4338D-C4C9-47CB-8F22-06AED4907EAD}
		{12006A15-7CC0-4350-8A8E-9E3E73E6CBB5} = {D2E4338D-C4C9-47CB-8F22-06AED4907EAD}
	EndGlobalSection
EndGlobal
